// !$*UTF8*$!
{
	archiveVersion = 1;
	classes = {
	};
	objectVersion = 56;
	objects = {

/* Begin PBXBuildFile section */
		10F07CF82B5EC5ED00912C31 /* Metronome_for_WatchApp.swift in Sources */ = {isa = PBXBuildFile; fileRef = 10F07CF72B5EC5ED00912C31 /* Metronome_for_WatchApp.swift */; };
		10F07CFA2B5EC5ED00912C31 /* ContentView.swift in Sources */ = {isa = PBXBuildFile; fileRef = 10F07CF92B5EC5ED00912C31 /* ContentView.swift */; };
		10F07CFC2B5EC5F200912C31 /* Assets.xcassets in Resources */ = {isa = PBXBuildFile; fileRef = 10F07CFB2B5EC5F200912C31 /* Assets.xcassets */; };
		10F07CFF2B5EC5F200912C31 /* Preview Assets.xcassets in Resources */ = {isa = PBXBuildFile; fileRef = 10F07CFE2B5EC5F200912C31 /* Preview Assets.xcassets */; };
		10F07D052B5EC5F200912C31 /* Metronome for Watch Watch App.app in Embed Watch Content */ = {isa = PBXBuildFile; fileRef = 10F07D042B5EC5F200912C31 /* Metronome for Watch Watch App.app */; settings = {ATTRIBUTES = (RemoveHeadersOnCopy, ); }; };
		10F07D0A2B5EC5F200912C31 /* Metronome_for_WatchApp.swift in Sources */ = {isa = PBXBuildFile; fileRef = 10F07D092B5EC5F200912C31 /* Metronome_for_WatchApp.swift */; };
		10F07D0C2B5EC5F200912C31 /* ContentView.swift in Sources */ = {isa = PBXBuildFile; fileRef = 10F07D0B2B5EC5F200912C31 /* ContentView.swift */; };
		10F07D0E2B5EC5F400912C31 /* Assets.xcassets in Resources */ = {isa = PBXBuildFile; fileRef = 10F07D0D2B5EC5F400912C31 /* Assets.xcassets */; };
		10F07D112B5EC5F400912C31 /* Preview Assets.xcassets in Resources */ = {isa = PBXBuildFile; fileRef = 10F07D102B5EC5F400912C31 /* Preview Assets.xcassets */; };
/* End PBXBuildFile section */

/* Begin PBXContainerItemProxy section */
		10F07D062B5EC5F200912C31 /* PBXContainerItemProxy */ = {
			isa = PBXContainerItemProxy;
			containerPortal = 10F07CEC2B5EC5EC00912C31 /* Project object */;
			proxyType = 1;
			remoteGlobalIDString = 10F07D032B5EC5F200912C31;
			remoteInfo = "Metronome for Watch Watch App";
		};
/* End PBXContainerItemProxy section */

/* Begin PBXCopyFilesBuildPhase section */
		10F07D172B5EC5F400912C31 /* Embed Watch Content */ = {
			isa = PBXCopyFilesBuildPhase;
			buildActionMask = 2147483647;
			dstPath = "$(CONTENTS_FOLDER_PATH)/Watch";
			dstSubfolderSpec = 16;
			files = (
				10F07D052B5EC5F200912C31 /* Metronome for Watch Watch App.app in Embed Watch Content */,
			);
			name = "Embed Watch Content";
			runOnlyForDeploymentPostprocessing = 0;
		};
/* End PBXCopyFilesBuildPhase section */

/* Begin PBXFileReference section */
		10F07CF42B5EC5ED00912C31 /* Metronome for Watch.app */ = {isa = PBXFileReference; explicitFileType = wrapper.application; includeInIndex = 0; path = "Metronome for Watch.app"; sourceTree = BUILT_PRODUCTS_DIR; };
		10F07CF72B5EC5ED00912C31 /* Metronome_for_WatchApp.swift */ = {isa = PBXFileReference; lastKnownFileType = sourcecode.swift; path = Metronome_for_WatchApp.swift; sourceTree = "<group>"; };
		10F07CF92B5EC5ED00912C31 /* ContentView.swift */ = {isa = PBXFileReference; lastKnownFileType = sourcecode.swift; path = ContentView.swift; sourceTree = "<group>"; };
		10F07CFB2B5EC5F200912C31 /* Assets.xcassets */ = {isa = PBXFileReference; lastKnownFileType = folder.assetcatalog; path = Assets.xcassets; sourceTree = "<group>"; };
		10F07CFE2B5EC5F200912C31 /* Preview Assets.xcassets */ = {isa = PBXFileReference; lastKnownFileType = folder.assetcatalog; path = "Preview Assets.xcassets"; sourceTree = "<group>"; };
		10F07D042B5EC5F200912C31 /* Metronome for Watch Watch App.app */ = {isa = PBXFileReference; explicitFileType = wrapper.application; includeInIndex = 0; path = "Metronome for Watch Watch App.app"; sourceTree = BUILT_PRODUCTS_DIR; };
		10F07D092B5EC5F200912C31 /* Metronome_for_WatchApp.swift */ = {isa = PBXFileReference; lastKnownFileType = sourcecode.swift; path = Metronome_for_WatchApp.swift; sourceTree = "<group>"; };
		10F07D0B2B5EC5F200912C31 /* ContentView.swift */ = {isa = PBXFileReference; lastKnownFileType = sourcecode.swift; path = ContentView.swift; sourceTree = "<group>"; };
		10F07D0D2B5EC5F400912C31 /* Assets.xcassets */ = {isa = PBXFileReference; lastKnownFileType = folder.assetcatalog; path = Assets.xcassets; sourceTree = "<group>"; };
		10F07D102B5EC5F400912C31 /* Preview Assets.xcassets */ = {isa = PBXFileReference; lastKnownFileType = folder.assetcatalog; path = "Preview Assets.xcassets"; sourceTree = "<group>"; };
/* End PBXFileReference section */

/* Begin PBXFrameworksBuildPhase section */
		10F07CF12B5EC5ED00912C31 /* Frameworks */ = {
			isa = PBXFrameworksBuildPhase;
			buildActionMask = 2147483647;
			files = (
			);
			runOnlyForDeploymentPostprocessing = 0;
		};
		10F07D012B5EC5F200912C31 /* Frameworks */ = {
			isa = PBXFrameworksBuildPhase;
			buildActionMask = 2147483647;
			files = (
			);
			runOnlyForDeploymentPostprocessing = 0;
		};
/* End PBXFrameworksBuildPhase section */

/* Begin PBXGroup section */
		10F07CEB2B5EC5EC00912C31 = {
			isa = PBXGroup;
			children = (
				10F07CF62B5EC5ED00912C31 /* Metronome for Watch */,
				10F07D082B5EC5F200912C31 /* Metronome for Watch Watch App */,
				10F07CF52B5EC5ED00912C31 /* Products */,
			);
			sourceTree = "<group>";
		};
		10F07CF52B5EC5ED00912C31 /* Products */ = {
			isa = PBXGroup;
			children = (
				10F07CF42B5EC5ED00912C31 /* Metronome for Watch.app */,
				10F07D042B5EC5F200912C31 /* Metronome for Watch Watch App.app */,
			);
			name = Products;
			sourceTree = "<group>";
		};
		10F07CF62B5EC5ED00912C31 /* Metronome for Watch */ = {
			isa = PBXGroup;
			children = (
				10F07CF72B5EC5ED00912C31 /* Metronome_for_WatchApp.swift */,
				10F07CF92B5EC5ED00912C31 /* ContentView.swift */,
				10F07CFB2B5EC5F200912C31 /* Assets.xcassets */,
				10F07CFD2B5EC5F200912C31 /* Preview Content */,
			);
			path = "Metronome for Watch";
			sourceTree = "<group>";
		};
		10F07CFD2B5EC5F200912C31 /* Preview Content */ = {
			isa = PBXGroup;
			children = (
				10F07CFE2B5EC5F200912C31 /* Preview Assets.xcassets */,
			);
			path = "Preview Content";
			sourceTree = "<group>";
		};
		10F07D082B5EC5F200912C31 /* Metronome for Watch Watch App */ = {
			isa = PBXGroup;
			children = (
				10F07D092B5EC5F200912C31 /* Metronome_for_WatchApp.swift */,
				10F07D0B2B5EC5F200912C31 /* ContentView.swift */,
				10F07D0D2B5EC5F400912C31 /* Assets.xcassets */,
				10F07D0F2B5EC5F400912C31 /* Preview Content */,
			);
			path = "Metronome for Watch Watch App";
			sourceTree = "<group>";
		};
		10F07D0F2B5EC5F400912C31 /* Preview Content */ = {
			isa = PBXGroup;
			children = (
				10F07D102B5EC5F400912C31 /* Preview Assets.xcassets */,
			);
			path = "Preview Content";
			sourceTree = "<group>";
		};
/* End PBXGroup section */

/* Begin PBXNativeTarget section */
		10F07CF32B5EC5ED00912C31 /* Metronome for Watch */ = {
			isa = PBXNativeTarget;
			buildConfigurationList = 10F07D182B5EC5F400912C31 /* Build configuration list for PBXNativeTarget "Metronome for Watch" */;
			buildPhases = (
				10F07CF02B5EC5ED00912C31 /* Sources */,
				10F07CF12B5EC5ED00912C31 /* Frameworks */,
				10F07CF22B5EC5ED00912C31 /* Resources */,
				10F07D172B5EC5F400912C31 /* Embed Watch Content */,
			);
			buildRules = (
			);
			dependencies = (
				10F07D072B5EC5F200912C31 /* PBXTargetDependency */,
			);
			name = "Metronome for Watch";
			productName = "Metronome for Watch";
			productReference = 10F07CF42B5EC5ED00912C31 /* Metronome for Watch.app */;
			productType = "com.apple.product-type.application";
		};
		10F07D032B5EC5F200912C31 /* Metronome for Watch Watch App */ = {
			isa = PBXNativeTarget;
			buildConfigurationList = 10F07D142B5EC5F400912C31 /* Build configuration list for PBXNativeTarget "Metronome for Watch Watch App" */;
			buildPhases = (
				10F07D002B5EC5F200912C31 /* Sources */,
				10F07D012B5EC5F200912C31 /* Frameworks */,
				10F07D022B5EC5F200912C31 /* Resources */,
			);
			buildRules = (
			);
			dependencies = (
			);
			name = "Metronome for Watch Watch App";
			productName = "Metronome for Watch Watch App";
			productReference = 10F07D042B5EC5F200912C31 /* Metronome for Watch Watch App.app */;
			productType = "com.apple.product-type.application";
		};
/* End PBXNativeTarget section */

/* Begin PBXProject section */
		10F07CEC2B5EC5EC00912C31 /* Project object */ = {
			isa = PBXProject;
			attributes = {
				BuildIndependentTargetsInParallel = 1;
				LastSwiftUpdateCheck = 1500;
				LastUpgradeCheck = 1500;
				TargetAttributes = {
					10F07CF32B5EC5ED00912C31 = {
						CreatedOnToolsVersion = 15.0;
					};
					10F07D032B5EC5F200912C31 = {
						CreatedOnToolsVersion = 15.0;
					};
				};
			};
			buildConfigurationList = 10F07CEF2B5EC5EC00912C31 /* Build configuration list for PBXProject "Metronome for Watch" */;
			compatibilityVersion = "Xcode 14.0";
			developmentRegion = en;
			hasScannedForEncodings = 0;
			knownRegions = (
				en,
				Base,
			);
			mainGroup = 10F07CEB2B5EC5EC00912C31;
			productRefGroup = 10F07CF52B5EC5ED00912C31 /* Products */;
			projectDirPath = "";
			projectRoot = "";
			targets = (
				10F07CF32B5EC5ED00912C31 /* Metronome for Watch */,
				10F07D032B5EC5F200912C31 /* Metronome for Watch Watch App */,
			);
		};
/* End PBXProject section */

/* Begin PBXResourcesBuildPhase section */
		10F07CF22B5EC5ED00912C31 /* Resources */ = {
			isa = PBXResourcesBuildPhase;
			buildActionMask = 2147483647;
			files = (
				10F07CFF2B5EC5F200912C31 /* Preview Assets.xcassets in Resources */,
				10F07CFC2B5EC5F200912C31 /* Assets.xcassets in Resources */,
			);
			runOnlyForDeploymentPostprocessing = 0;
		};
		10F07D022B5EC5F200912C31 /* Resources */ = {
			isa = PBXResourcesBuildPhase;
			buildActionMask = 2147483647;
			files = (
				10F07D112B5EC5F400912C31 /* Preview Assets.xcassets in Resources */,
				10F07D0E2B5EC5F400912C31 /* Assets.xcassets in Resources */,
			);
			runOnlyForDeploymentPostprocessing = 0;
		};
/* End PBXResourcesBuildPhase section */

/* Begin PBXSourcesBuildPhase section */
		10F07CF02B5EC5ED00912C31 /* Sources */ = {
			isa = PBXSourcesBuildPhase;
			buildActionMask = 2147483647;
			files = (
				10F07CFA2B5EC5ED00912C31 /* ContentView.swift in Sources */,
				10F07CF82B5EC5ED00912C31 /* Metronome_for_WatchApp.swift in Sources */,
			);
			runOnlyForDeploymentPostprocessing = 0;
		};
		10F07D002B5EC5F200912C31 /* Sources */ = {
			isa = PBXSourcesBuildPhase;
			buildActionMask = 2147483647;
			files = (
				10F07D0C2B5EC5F200912C31 /* ContentView.swift in Sources */,
				10F07D0A2B5EC5F200912C31 /* Metronome_for_WatchApp.swift in Sources */,
			);
			runOnlyForDeploymentPostprocessing = 0;
		};
/* End PBXSourcesBuildPhase section */

/* Begin PBXTargetDependency section */
		10F07D072B5EC5F200912C31 /* PBXTargetDependency */ = {
			isa = PBXTargetDependency;
			target = 10F07D032B5EC5F200912C31 /* Metronome for Watch Watch App */;
			targetProxy = 10F07D062B5EC5F200912C31 /* PBXContainerItemProxy */;
		};
/* End PBXTargetDependency section */

/* Begin XCBuildConfiguration section */
		10F07D122B5EC5F400912C31 /* Debug */ = {
			isa = XCBuildConfiguration;
			buildSettings = {
				ALWAYS_SEARCH_USER_PATHS = NO;
				ASSETCATALOG_COMPILER_GENERATE_SWIFT_ASSET_SYMBOL_EXTENSIONS = YES;
				CLANG_ANALYZER_NONNULL = YES;
				CLANG_ANALYZER_NUMBER_OBJECT_CONVERSION = YES_AGGRESSIVE;
				CLANG_CXX_LANGUAGE_STANDARD = "gnu++20";
				CLANG_ENABLE_MODULES = YES;
				CLANG_ENABLE_OBJC_ARC = YES;
				CLANG_ENABLE_OBJC_WEAK = YES;
				CLANG_WARN_BLOCK_CAPTURE_AUTORELEASING = YES;
				CLANG_WARN_BOOL_CONVERSION = YES;
				CLANG_WARN_COMMA = YES;
				CLANG_WARN_CONSTANT_CONVERSION = YES;
				CLANG_WARN_DEPRECATED_OBJC_IMPLEMENTATIONS = YES;
				CLANG_WARN_DIRECT_OBJC_ISA_USAGE = YES_ERROR;
				CLANG_WARN_DOCUMENTATION_COMMENTS = YES;
				CLANG_WARN_EMPTY_BODY = YES;
				CLANG_WARN_ENUM_CONVERSION = YES;
				CLANG_WARN_INFINITE_RECURSION = YES;
				CLANG_WARN_INT_CONVERSION = YES;
				CLANG_WARN_NON_LITERAL_NULL_CONVERSION = YES;
				CLANG_WARN_OBJC_IMPLICIT_RETAIN_SELF = YES;
				CLANG_WARN_OBJC_LITERAL_CONVERSION = YES;
				CLANG_WARN_OBJC_ROOT_CLASS = YES_ERROR;
				CLANG_WARN_QUOTED_INCLUDE_IN_FRAMEWORK_HEADER = YES;
				CLANG_WARN_RANGE_LOOP_ANALYSIS = YES;
				CLANG_WARN_STRICT_PROTOTYPES = YES;
				CLANG_WARN_SUSPICIOUS_MOVE = YES;
				CLANG_WARN_UNGUARDED_AVAILABILITY = YES_AGGRESSIVE;
				CLANG_WARN_UNREACHABLE_CODE = YES;
				CLANG_WARN__DUPLICATE_METHOD_MATCH = YES;
				COPY_PHASE_STRIP = NO;
				DEBUG_INFORMATION_FORMAT = dwarf;
				ENABLE_STRICT_OBJC_MSGSEND = YES;
				ENABLE_TESTABILITY = YES;
				ENABLE_USER_SCRIPT_SANDBOXING = YES;
				GCC_C_LANGUAGE_STANDARD = gnu17;
				GCC_DYNAMIC_NO_PIC = NO;
				GCC_NO_COMMON_BLOCKS = YES;
				GCC_OPTIMIZATION_LEVEL = 0;
				GCC_PREPROCESSOR_DEFINITIONS = (
					"DEBUG=1",
					"$(inherited)",
				);
				GCC_WARN_64_TO_32_BIT_CONVERSION = YES;
				GCC_WARN_ABOUT_RETURN_TYPE = YES_ERROR;
				GCC_WARN_UNDECLARED_SELECTOR = YES;
				GCC_WARN_UNINITIALIZED_AUTOS = YES_AGGRESSIVE;
				GCC_WARN_UNUSED_FUNCTION = YES;
				GCC_WARN_UNUSED_VARIABLE = YES;
				LOCALIZATION_PREFERS_STRING_CATALOGS = YES;
				MTL_ENABLE_DEBUG_INFO = INCLUDE_SOURCE;
				MTL_FAST_MATH = YES;
				ONLY_ACTIVE_ARCH = YES;
				SWIFT_ACTIVE_COMPILATION_CONDITIONS = "DEBUG $(inherited)";
				SWIFT_OPTIMIZATION_LEVEL = "-Onone";
			};
			name = Debug;
		};
		10F07D132B5EC5F400912C31 /* Release */ = {
			isa = XCBuildConfiguration;
			buildSettings = {
				ALWAYS_SEARCH_USER_PATHS = NO;
				ASSETCATALOG_COMPILER_GENERATE_SWIFT_ASSET_SYMBOL_EXTENSIONS = YES;
				CLANG_ANALYZER_NONNULL = YES;
				CLANG_ANALYZER_NUMBER_OBJECT_CONVERSION = YES_AGGRESSIVE;
				CLANG_CXX_LANGUAGE_STANDARD = "gnu++20";
				CLANG_ENABLE_MODULES = YES;
				CLANG_ENABLE_OBJC_ARC = YES;
				CLANG_ENABLE_OBJC_WEAK = YES;
				CLANG_WARN_BLOCK_CAPTURE_AUTORELEASING = YES;
				CLANG_WARN_BOOL_CONVERSION = YES;
				CLANG_WARN_COMMA = YES;
				CLANG_WARN_CONSTANT_CONVERSION = YES;
				CLANG_WARN_DEPRECATED_OBJC_IMPLEMENTATIONS = YES;
				CLANG_WARN_DIRECT_OBJC_ISA_USAGE = YES_ERROR;
				CLANG_WARN_DOCUMENTATION_COMMENTS = YES;
				CLANG_WARN_EMPTY_BODY = YES;
				CLANG_WARN_ENUM_CONVERSION = YES;
				CLANG_WARN_INFINITE_RECURSION = YES;
				CLANG_WARN_INT_CONVERSION = YES;
				CLANG_WARN_NON_LITERAL_NULL_CONVERSION = YES;
				CLANG_WARN_OBJC_IMPLICIT_RETAIN_SELF = YES;
				CLANG_WARN_OBJC_LITERAL_CONVERSION = YES;
				CLANG_WARN_OBJC_ROOT_CLASS = YES_ERROR;
				CLANG_WARN_QUOTED_INCLUDE_IN_FRAMEWORK_HEADER = YES;
				CLANG_WARN_RANGE_LOOP_ANALYSIS = YES;
				CLANG_WARN_STRICT_PROTOTYPES = YES;
				CLANG_WARN_SUSPICIOUS_MOVE = YES;
				CLANG_WARN_UNGUARDED_AVAILABILITY = YES_AGGRESSIVE;
				CLANG_WARN_UNREACHABLE_CODE = YES;
				CLANG_WARN__DUPLICATE_METHOD_MATCH = YES;
				COPY_PHASE_STRIP = NO;
				DEBUG_INFORMATION_FORMAT = "dwarf-with-dsym";
				ENABLE_NS_ASSERTIONS = NO;
				ENABLE_STRICT_OBJC_MSGSEND = YES;
				ENABLE_USER_SCRIPT_SANDBOXING = YES;
				GCC_C_LANGUAGE_STANDARD = gnu17;
				GCC_NO_COMMON_BLOCKS = YES;
				GCC_WARN_64_TO_32_BIT_CONVERSION = YES;
				GCC_WARN_ABOUT_RETURN_TYPE = YES_ERROR;
				GCC_WARN_UNDECLARED_SELECTOR = YES;
				GCC_WARN_UNINITIALIZED_AUTOS = YES_AGGRESSIVE;
				GCC_WARN_UNUSED_FUNCTION = YES;
				GCC_WARN_UNUSED_VARIABLE = YES;
				LOCALIZATION_PREFERS_STRING_CATALOGS = YES;
				MTL_ENABLE_DEBUG_INFO = NO;
				MTL_FAST_MATH = YES;
				SWIFT_COMPILATION_MODE = wholemodule;
			};
			name = Release;
		};
		10F07D152B5EC5F400912C31 /* Debug */ = {
			isa = XCBuildConfiguration;
			buildSettings = {
				ASSETCATALOG_COMPILER_APPICON_NAME = AppIcon;
				ASSETCATALOG_COMPILER_GLOBAL_ACCENT_COLOR_NAME = AccentColor;
				CODE_SIGN_STYLE = Automatic;
				CURRENT_PROJECT_VERSION = 1;
				DEVELOPMENT_ASSET_PATHS = "\"Metronome for Watch Watch App/Preview Content\"";
				ENABLE_PREVIEWS = YES;
				GENERATE_INFOPLIST_FILE = YES;
				INFOPLIST_KEY_CFBundleDisplayName = "Metronome for Watch";
				INFOPLIST_KEY_UISupportedInterfaceOrientations = "UIInterfaceOrientationPortrait UIInterfaceOrientationPortraitUpsideDown";
				INFOPLIST_KEY_WKCompanionAppBundleIdentifier = "haoyudong.Metronome-for-Watch";
				LD_RUNPATH_SEARCH_PATHS = (
					"$(inherited)",
					"@executable_path/Frameworks",
				);
				MARKETING_VERSION = 1.0;
				PRODUCT_BUNDLE_IDENTIFIER = "haoyudong.Metronome-for-Watch.watchkitapp";
				PRODUCT_NAME = "$(TARGET_NAME)";
				SDKROOT = watchos;
				SKIP_INSTALL = YES;
				SWIFT_EMIT_LOC_STRINGS = YES;
				SWIFT_VERSION = 5.0;
				TARGETED_DEVICE_FAMILY = 4;
				WATCHOS_DEPLOYMENT_TARGET = 10.0;
			};
			name = Debug;
		};
		10F07D162B5EC5F400912C31 /* Release */ = {
			isa = XCBuildConfiguration;
			buildSettings = {
				ASSETCATALOG_COMPILER_APPICON_NAME = AppIcon;
				ASSETCATALOG_COMPILER_GLOBAL_ACCENT_COLOR_NAME = AccentColor;
				CODE_SIGN_STYLE = Automatic;
				CURRENT_PROJECT_VERSION = 1;
				DEVELOPMENT_ASSET_PATHS = "\"Metronome for Watch Watch App/Preview Content\"";
				ENABLE_PREVIEWS = YES;
				GENERATE_INFOPLIST_FILE = YES;
				INFOPLIST_KEY_CFBundleDisplayName = "Metronome for Watch";
				INFOPLIST_KEY_UISupportedInterfaceOrientations = "UIInterfaceOrientationPortrait UIInterfaceOrientationPortraitUpsideDown";
				INFOPLIST_KEY_WKCompanionAppBundleIdentifier = "haoyudong.Metronome-for-Watch";
				LD_RUNPATH_SEARCH_PATHS = (
					"$(inherited)",
					"@executable_path/Frameworks",
				);
				MARKETING_VERSION = 1.0;
				PRODUCT_BUNDLE_IDENTIFIER = "haoyudong.Metronome-for-Watch.watchkitapp";
				PRODUCT_NAME = "$(TARGET_NAME)";
				SDKROOT = watchos;
				SKIP_INSTALL = YES;
				SWIFT_EMIT_LOC_STRINGS = YES;
				SWIFT_VERSION = 5.0;
				TARGETED_DEVICE_FAMILY = 4;
				VALIDATE_PRODUCT = YES;
				WATCHOS_DEPLOYMENT_TARGET = 10.0;
			};
			name = Release;
		};
		10F07D192B5EC5F400912C31 /* Debug */ = {
			isa = XCBuildConfiguration;
			buildSettings = {
				ALWAYS_EMBED_SWIFT_STANDARD_LIBRARIES = YES;
				ASSETCATALOG_COMPILER_APPICON_NAME = AppIcon;
				ASSETCATALOG_COMPILER_GLOBAL_ACCENT_COLOR_NAME = AccentColor;
				CODE_SIGN_STYLE = Automatic;
				CURRENT_PROJECT_VERSION = 1;
				DEVELOPMENT_ASSET_PATHS = "\"Metronome for Watch/Preview Content\"";
				ENABLE_PREVIEWS = YES;
				GENERATE_INFOPLIST_FILE = YES;
				INFOPLIST_KEY_CFBundleDisplayName = "Metronome for Watch";
				INFOPLIST_KEY_UIApplicationSceneManifest_Generation = YES;
				INFOPLIST_KEY_UIApplicationSupportsIndirectInputEvents = YES;
				INFOPLIST_KEY_UILaunchScreen_Generation = YES;
				INFOPLIST_KEY_UISupportedInterfaceOrientations_iPad = "UIInterfaceOrientationPortrait UIInterfaceOrientationPortraitUpsideDown UIInterfaceOrientationLandscapeLeft UIInterfaceOrientationLandscapeRight";
				INFOPLIST_KEY_UISupportedInterfaceOrientations_iPhone = "UIInterfaceOrientationPortrait UIInterfaceOrientationLandscapeLeft UIInterfaceOrientationLandscapeRight";
				IPHONEOS_DEPLOYMENT_TARGET = 17.0;
				LD_RUNPATH_SEARCH_PATHS = (
					"$(inherited)",
					"@executable_path/Frameworks",
				);
				MARKETING_VERSION = 1.0;
				PRODUCT_BUNDLE_IDENTIFIER = "haoyudong.Metronome-for-Watch";
				PRODUCT_NAME = "$(TARGET_NAME)";
				SDKROOT = iphoneos;
				SWIFT_EMIT_LOC_STRINGS = YES;
				SWIFT_VERSION = 5.0;
				TARGETED_DEVICE_FAMILY = "1,2";
			};
			name = Debug;
		};
		10F07D1A2B5EC5F400912C31 /* Release */ = {
			isa = XCBuildConfiguration;
			buildSettings = {
				ALWAYS_EMBED_SWIFT_STANDARD_LIBRARIES = YES;
				ASSETCATALOG_COMPILER_APPICON_NAME = AppIcon;
				ASSETCATALOG_COMPILER_GLOBAL_ACCENT_COLOR_NAME = AccentColor;
				CODE_SIGN_STYLE = Automatic;
				CURRENT_PROJECT_VERSION = 1;
				DEVELOPMENT_ASSET_PATHS = "\"Metronome for Watch/Preview Content\"";
				ENABLE_PREVIEWS = YES;
				GENERATE_INFOPLIST_FILE = YES;
				INFOPLIST_KEY_CFBundleDisplayName = "Metronome for Watch";
				INFOPLIST_KEY_UIApplicationSceneManifest_Generation = YES;
				INFOPLIST_KEY_UIApplicationSupportsIndirectInputEvents = YES;
				INFOPLIST_KEY_UILaunchScreen_Generation = YES;
				INFOPLIST_KEY_UISupportedInterfaceOrientations_iPad = "UIInterfaceOrientationPortrait UIInterfaceOrientationPortraitUpsideDown UIInterfaceOrientationLandscapeLeft UIInterfaceOrientationLandscapeRight";
				INFOPLIST_KEY_UISupportedInterfaceOrientations_iPhone = "UIInterfaceOrientationPortrait UIInterfaceOrientationLandscapeLeft UIInterfaceOrientationLandscapeRight";
				IPHONEOS_DEPLOYMENT_TARGET = 17.0;
				LD_RUNPATH_SEARCH_PATHS = (
					"$(inherited)",
					"@executable_path/Frameworks",
				);
				MARKETING_VERSION = 1.0;
				PRODUCT_BUNDLE_IDENTIFIER = "haoyudong.Metronome-for-Watch";
				PRODUCT_NAME = "$(TARGET_NAME)";
				SDKROOT = iphoneos;
				SWIFT_EMIT_LOC_STRINGS = YES;
				SWIFT_VERSION = 5.0;
				TARGETED_DEVICE_FAMILY = "1,2";
				VALIDATE_PRODUCT = YES;
			};
			name = Release;
		};
/* End XCBuildConfiguration section */

/* Begin XCConfigurationList section */
		10F07CEF2B5EC5EC00912C31 /* Build configuration list for PBXProject "Metronome for Watch" */ = {
			isa = XCConfigurationList;
			buildConfigurations = (
				10F07D122B5EC5F400912C31 /* Debug */,
				10F07D132B5EC5F400912C31 /* Release */,
			);
			defaultConfigurationIsVisible = 0;
			defaultConfigurationName = Release;
		};
		10F07D142B5EC5F400912C31 /* Build configuration list for PBXNativeTarget "Metronome for Watch Watch App" */ = {
			isa = XCConfigurationList;
			buildConfigurations = (
				10F07D152B5EC5F400912C31 /* Debug */,
				10F07D162B5EC5F400912C31 /* Release */,
			);
			defaultConfigurationIsVisible = 0;
			defaultConfigurationName = Release;
		};
		10F07D182B5EC5F400912C31 /* Build configuration list for PBXNativeTarget "Metronome for Watch" */ = {
			isa = XCConfigurationList;
			buildConfigurations = (
				10F07D192B5EC5F400912C31 /* Debug */,
				10F07D1A2B5EC5F400912C31 /* Release */,
			);
			defaultConfigurationIsVisible = 0;
			defaultConfigurationName = Release;
		};
/* End XCConfigurationList section */
	};
	rootObject = 10F07CEC2B5EC5EC00912C31 /* Project object */;
}
